github.com/gnoack/picon v0.0.0-20240407101117-35066a944c38 h1:G1XNeaFtDw9/KOPK/a3WyIAxaSbETRqT1d9JT+4uv/s=
github.com/gnoack/picon v0.0.0-20240407101117-35066a944c38/go.mod h1:tvwZiJt1qjXTm+quIBo/Q23/GmqAQnrSo37ztnF1Djs=
github.com/landlock-lsm/go-landlock v0.0.0-20251025113214-9234528b1102 h1:r3hbsmDbzfV+XIRJXIT7SjxJdJiTYF5QG6GmeKjYvFw=
github.com/landlock-lsm/go-landlock v0.0.0-20251025113214-9234528b1102/go.mod h1:Vr7sZ0zpcVRleY/FdBD70GuBLdtQci9PSk3+k1s7AKI=
github.com/phpdave11/gofpdi v1.0.14-0.20211212211723-1f10f9844311/go.mod h1:vBmVV0Do6hSBHC8uKUQ71JGW+ZGQq74llk/7bXwjDoI=
github.com/phpdave11/gofpdi v1.0.15 h1:iJazY1BQ07I9s7N5EWjBO1YbhmKfHGxNligUv/Rw4Lc=
github.com/phpdave11/gofpdi v1.0.15/go.mod h1:vBmVV0Do6hSBHC8uKUQ71JGW+ZGQq74llk/7bXwjDoI=
github.com/pkg/errors v0.8.1/go.mod h1:bwawxfHBFNV+L2hUp1rHADufV3IMtnDRdf1r5NINEl0=
github.com/pkg/errors v0.9.1 h1:FEBLx1zS214owpjy7qsBeixbURkuhQAwrK5UwLGTwt4=
github.com/pkg/errors v0.9.1/go.mod h1:bwawxfHBFNV+L2hUp1rHADufV3IMtnDRdf1r5NINEl0=
github.com/signintech/gopdf v0.33.0 h1:VanhSnrO03H9roKp4y4ckVmTmezxk8OzSJL/Sx1WlNg=
github.com/signintech/gopdf v0.33.0/go.mod h1:d23eO35GpEliSrF22eJ4bsM3wVeQJTjXTHq5x5qGKjA=
golang.org/x/sys v0.37.0 h1:fdNQudmxPjkdUTPnLn5mdQv7Zwvbvpaxqs831goi9kQ=
golang.org/x/sys v0.37.0/go.mod h1:OgkHotnGiDImocRcuBABYBEXf8A9a87e/uXjp9XT3ks=
kernel.org/pub/linux/libs/security/libcap/psx v1.2.71 h1:i19+O6oaKRqgflRO4o7WKdU8LJ7vKNSFLDDqHB6CvQ8=
kernel.org/pub/linux/libs/security/libcap/psx v1.2.71/go.mod h1:+l6Ee2F59XiJ2I6WR5ObpC1utCQJZ/VLsEbQCD8RG24=
kernel.org/pub/linux/libs/security/libcap/psx v1.2.76 h1:3DyzQ30OHt3wiOZVL1se2g1PAPJIU7+tMUyvfMUj1dY=
kernel.org/pub/linux/libs/security/libcap/psx v1.2.76/go.mod h1:+l6Ee2F59XiJ2I6WR5ObpC1utCQJZ/VLsEbQCD8RG24=
