github.com/gnoack/picon v0.0.0-20230320171947-0dccf0772273 h1:7UYB+HgZTVknYQtxKMha5sdYI2hh7WjqA909xl6e3/o=
github.com/gnoack/picon v0.0.0-20230320171947-0dccf0772273/go.mod h1:tvwZiJt1qjXTm+quIBo/Q23/GmqAQnrSo37ztnF1Djs=
github.com/kr/pretty v0.2.1 h1:Fmg33tUaq4/8ym9TJN1x7sLJnHVwhP33CNkpYV/7rwI=
github.com/kr/pretty v0.2.1/go.mod h1:ipq/a2n7PKx3OHsz4KJII5eveXtPO4qwEXGdVfWzfnI=
github.com/kr/pty v1.1.1/go.mod h1:pFQYn66WHrOpPYNljwOMqo10TkYh1fy3cYio2l3bCsQ=
github.com/kr/text v0.1.0 h1:45sCR5RtlFHMR4UwH9sdQ5TC8v0qDQCHnXt+kaKSTVE=
github.com/kr/text v0.1.0/go.mod h1:4Jbv+DJW3UT/LiOwJeYQe1efqtUx/iVham/4vfdArNI=
github.com/landlock-lsm/go-landlock v0.0.0-20230225094210-7a98d7db83f2 h1:kTSOM+yiVubrJQI/LJ67EGxYqrqC0C5VkfRurbFg7J4=
github.com/landlock-lsm/go-landlock v0.0.0-20230225094210-7a98d7db83f2/go.mod h1:oCxtVqzP6dNPgAQK+4okeQk9BcxjkttF8MG4DmoT6Sk=
golang.org/x/sys v0.1.0/go.mod h1:oPkhp1MJrh7nUepCBck5+mAzfO9JrbApNNgaTdGDITg=
golang.org/x/sys v0.6.0 h1:MVltZSvRTcU2ljQOhs94SXPftV6DCNnZViHeQps87pQ=
golang.org/x/sys v0.6.0/go.mod h1:oPkhp1MJrh7nUepCBck5+mAzfO9JrbApNNgaTdGDITg=
gopkg.in/check.v1 v1.0.0-20201130134442-10cb98267c6c h1:Hei/4ADfdWqJk1ZMxUNpqntNwaWcugrBjAiHlqqRiVk=
gopkg.in/check.v1 v1.0.0-20201130134442-10cb98267c6c/go.mod h1:JHkPIbrfpd72SG/EVd6muEfDQjcINNoR0C8j2r3qZ4Q=
gopkg.in/pipe.v2 v2.0.0-20140414041502-3c2ca4d52544 h1:WJH1qsOB4/zb/li+zLMn0vaAUJ5FqPv6HYLI3aQVg1k=
gopkg.in/pipe.v2 v2.0.0-20140414041502-3c2ca4d52544/go.mod h1:UhTeH/yXCK/KY7TX24mqPkaQ7gZeqmWd/8SSS8B3aHw=
kernel.org/pub/linux/libs/security/libcap/psx v1.2.66/go.mod h1:+l6Ee2F59XiJ2I6WR5ObpC1utCQJZ/VLsEbQCD8RG24=
kernel.org/pub/linux/libs/security/libcap/psx v1.2.67 h1:NxbXJ7pDVq0FKBsqjieT92QDXI2XaqH2HAi4QcCOHt8=
kernel.org/pub/linux/libs/security/libcap/psx v1.2.67/go.mod h1:+l6Ee2F59XiJ2I6WR5ObpC1utCQJZ/VLsEbQCD8RG24=
