github.com/gnoack/picon v0.0.0-20240407101117-35066a944c38 h1:G1XNeaFtDw9/KOPK/a3WyIAxaSbETRqT1d9JT+4uv/s=
github.com/gnoack/picon v0.0.0-20240407101117-35066a944c38/go.mod h1:tvwZiJt1qjXTm+quIBo/Q23/GmqAQnrSo37ztnF1Djs=
github.com/landlock-lsm/go-landlock v0.10.0 h1:1o2TDSEK/LRazMq9RNd6ln7WSoVx3ceOsATYkIuoeFE=
github.com/landlock-lsm/go-landlock v0.10.0/go.mod h1:mn5GSi81Jf7yMs5WSi+SUi4sUeNLUGVdbT4Id6wXNQw=
github.com/phpdave11/gofpdi v1.0.14-0.20211212211723-1f10f9844311/go.mod h1:vBmVV0Do6hSBHC8uKUQ71JGW+ZGQq74llk/7bXwjDoI=
github.com/phpdave11/gofpdi v1.0.16 h1:4qi0x31yujXmS4F6L4ZJKtd1DqG/3H/bpQzEZh2dmhY=
github.com/phpdave11/gofpdi v1.0.16/go.mod h1:vBmVV0Do6hSBHC8uKUQ71JGW+ZGQq74llk/7bXwjDoI=
github.com/pkg/errors v0.8.1/go.mod h1:bwawxfHBFNV+L2hUp1rHADufV3IMtnDRdf1r5NINEl0=
github.com/pkg/errors v0.9.1 h1:FEBLx1zS214owpjy7qsBeixbURkuhQAwrK5UwLGTwt4=
github.com/pkg/errors v0.9.1/go.mod h1:bwawxfHBFNV+L2hUp1rHADufV3IMtnDRdf1r5NINEl0=
github.com/signintech/gopdf v0.38.1 h1:mMdVMPKrvHCskYmjet/uTuXRAEV742oTM7GdFcuhuwM=
github.com/signintech/gopdf v0.38.1/go.mod h1:d23eO35GpEliSrF22eJ4bsM3wVeQJTjXTHq5x5qGKjA=
golang.org/x/sys v0.48.0 h1:bbX/i/6MgT9BVLM9RT1thmxL04yeTAhbEz4SyadbXoo=
golang.org/x/sys v0.48.0/go.mod h1:hNLxWAXmnKAxqDtdwIYC4bM9oQPEecfsnNMuSxOs3og=
kernel.org/pub/linux/libs/security/libcap/psx v1.2.77 h1:Z06sMOzc0GNCwp6efaVrIrz4ywGJ1v+DP0pjVkOfDuA=
kernel.org/pub/linux/libs/security/libcap/psx v1.2.77/go.mod h1:+l6Ee2F59XiJ2I6WR5ObpC1utCQJZ/VLsEbQCD8RG24=
